
Microsoft Visual Studio Solution File, Format Version 12.00
# Visual Studio Version 17
VisualStudioVersion = 17.11.35312.102
MinimumVisualStudioVersion = 10.0.40219.1
Project("{FAE04EC0-301F-11D3-BF4B-00C04F79EFBC}") = "ThiThucHanhMVC", "ThiThucHanhMVC\ThiThucHanhMVC.csproj", "{CDF4148D-8F7A-481E-AE8D-CCA381A9C46A}"
EndProject
Global
	GlobalSection(SolutionConfigurationPlatforms) = preSolution
		Debug|Any CPU = Debug|Any CPU
		Release|Any CPU = Release|Any CPU
	EndGlobalSection
	GlobalSection(ProjectConfigurationPlatforms) = postSolution
		{CDF4148D-8F7A-481E-AE8D-CCA381A9C46A}.Debug|Any CPU.ActiveCfg = Debug|Any CPU
		{CDF4148D-8F7A-481E-AE8D-CCA381A9C46A}.Debug|Any CPU.Build.0 = Debug|Any CPU
		{CDF4148D-8F7A-481E-AE8D-CCA381A9C46A}.Release|Any CPU.ActiveCfg = Release|Any CPU
		{CDF4148D-8F7A-481E-AE8D-CCA381A9C46A}.Release|Any CPU.Build.0 = Release|Any CPU
	EndGlobalSection
	GlobalSection(SolutionProperties) = preSolution
		HideSolutionNode = FALSE
	EndGlobalSection
	GlobalSection(ExtensibilityGlobals) = postSolution
		SolutionGuid = {39A684AE-5DD0-43B0-A961-CD085DE5F564}
	EndGlobalSection
EndGlobal
